
Microsoft Visual Studio Solution File, Format Version 12.00
# Visual Studio Version 17
VisualStudioVersion = 17.2.32630.192
MinimumVisualStudioVersion = 10.0.40219.1
Project("{FAE04EC0-301F-11D3-BF4B-00C04F79EFBC}") = "Lab01a", "BaiTap\Lab01a.csproj", "{BF3A8CE4-90CA-4CF9-B001-B6FC5101A0D8}"
EndProject
Project("{FAE04EC0-301F-11D3-BF4B-00C04F79EFBC}") = "Lab01b", "Lab01b\Lab01b.csproj", "{75C1BCA2-D1E7-430D-B9AF-363053DDD40A}"
EndProject
Global
	GlobalSection(SolutionConfigurationPlatforms) = preSolution
		Debug|Any CPU = Debug|Any CPU
		Release|Any CPU = Release|Any CPU
	EndGlobalSection
	GlobalSection(ProjectConfigurationPlatforms) = postSolution
		{BF3A8CE4-90CA-4CF9-B001-B6FC5101A0D8}.Debug|Any CPU.ActiveCfg = Debug|Any CPU
		{BF3A8CE4-90CA-4CF9-B001-B6FC5101A0D8}.Debug|Any CPU.Build.0 = Debug|Any CPU
		{BF3A8CE4-90CA-4CF9-B001-B6FC5101A0D8}.Release|Any CPU.ActiveCfg = Release|Any CPU
		{BF3A8CE4-90CA-4CF9-B001-B6FC5101A0D8}.Release|Any CPU.Build.0 = Release|Any CPU
		{75C1BCA2-D1E7-430D-B9AF-363053DDD40A}.Debug|Any CPU.ActiveCfg = Debug|Any CPU
		{75C1BCA2-D1E7-430D-B9AF-363053DDD40A}.Debug|Any CPU.Build.0 = Debug|Any CPU
		{75C1BCA2-D1E7-430D-B9AF-363053DDD40A}.Release|Any CPU.ActiveCfg = Release|Any CPU
		{75C1BCA2-D1E7-430D-B9AF-363053DDD40A}.Release|Any CPU.Build.0 = Release|Any CPU
	EndGlobalSection
	GlobalSection(SolutionProperties) = preSolution
		HideSolutionNode = FALSE
	EndGlobalSection
	GlobalSection(ExtensibilityGlobals) = postSolution
		SolutionGuid = {EFD7AB7F-B496-4738-A4B8-F866876A36C8}
	EndGlobalSection
EndGlobal
